{
  "requires": true,
  "lockfileVersion": 1,
  "dependencies": {
    "alerts": {
      "version": "0.1.3",
      "resolved": "https://registry.npmjs.org/alerts/-/alerts-0.1.3.tgz",
      "integrity": "sha1-i+cAzU1JnJlggBa7x4XEglZNBJo="
    },
    "phaser-ce": {
      "version": "2.9.1",
      "resolved": "https://registry.npmjs.org/phaser-ce/-/phaser-ce-2.9.1.tgz",
      "integrity": "sha1-W8zvndq0vWipviJzXQkYe3uXlng="
    }
  }
}
